// !$*UTF8*$!
{
	archiveVersion = 1;
	classes = {
	};
	objectVersion = 56;
	objects = {

/* Begin PBXBuildFile section */
		3AAEC85D2A0CF5DB00D75E21 /* TasksApp.swift in Sources */ = {isa = PBXBuildFile; fileRef = 3AAEC85C2A0CF5DB00D75E21 /* TasksApp.swift */; };
		3AAEC8612A0CF5DC00D75E21 /* Assets.xcassets in Resources */ = {isa = PBXBuildFile; fileRef = 3AAEC8602A0CF5DC00D75E21 /* Assets.xcassets */; };
		3AAEC8642A0CF5DC00D75E21 /* Preview Assets.xcassets in Resources */ = {isa = PBXBuildFile; fileRef = 3AAEC8632A0CF5DC00D75E21 /* Preview Assets.xcassets */; };
		3AAEC8662A0CF5DC00D75E21 /* Persistence.swift in Sources */ = {isa = PBXBuildFile; fileRef = 3AAEC8652A0CF5DC00D75E21 /* Persistence.swift */; };
		3AAEC8692A0CF5DC00D75E21 /* Tasks.xcdatamodeld in Sources */ = {isa = PBXBuildFile; fileRef = 3AAEC8672A0CF5DC00D75E21 /* Tasks.xcdatamodeld */; };
		3AAEC8732A0CF5DC00D75E21 /* TasksTests.swift in Sources */ = {isa = PBXBuildFile; fileRef = 3AAEC8722A0CF5DC00D75E21 /* TasksTests.swift */; };
		3AAEC87D2A0CF5DC00D75E21 /* TasksUITests.swift in Sources */ = {isa = PBXBuildFile; fileRef = 3AAEC87C2A0CF5DC00D75E21 /* TasksUITests.swift */; };
		3AAEC87F2A0CF5DC00D75E21 /* TasksUITestsLaunchTests.swift in Sources */ = {isa = PBXBuildFile; fileRef = 3AAEC87E2A0CF5DC00D75E21 /* TasksUITestsLaunchTests.swift */; };
		3AAEC88C2A0CF64400D75E21 /* TaskView.swift in Sources */ = {isa = PBXBuildFile; fileRef = 3AAEC88B2A0CF64400D75E21 /* TaskView.swift */; };
		3AAEC88F2A0CF6E000D75E21 /* Task.swift in Sources */ = {isa = PBXBuildFile; fileRef = 3AAEC88E2A0CF6E000D75E21 /* Task.swift */; };
		3AAEC8932A0CF6F900D75E21 /* TaskViewModel.swift in Sources */ = {isa = PBXBuildFile; fileRef = 3AAEC8922A0CF6F900D75E21 /* TaskViewModel.swift */; };
/* End PBXBuildFile section */

/* Begin PBXContainerItemProxy section */
		3AAEC86F2A0CF5DC00D75E21 /* PBXContainerItemProxy */ = {
			isa = PBXContainerItemProxy;
			containerPortal = 3AAEC8512A0CF5DB00D75E21 /* Project object */;
			proxyType = 1;
			remoteGlobalIDString = 3AAEC8582A0CF5DB00D75E21;
			remoteInfo = Tasks;
		};
		3AAEC8792A0CF5DC00D75E21 /* PBXContainerItemProxy */ = {
			isa = PBXContainerItemProxy;
			containerPortal = 3AAEC8512A0CF5DB00D75E21 /* Project object */;
			proxyType = 1;
			remoteGlobalIDString = 3AAEC8582A0CF5DB00D75E21;
			remoteInfo = Tasks;
		};
/* End PBXContainerItemProxy section */

/* Begin PBXFileReference section */
		3AAEC8592A0CF5DB00D75E21 /* Tasks.app */ = {isa = PBXFileReference; explicitFileType = wrapper.application; includeInIndex = 0; path = Tasks.app; sourceTree = BUILT_PRODUCTS_DIR; };
		3AAEC85C2A0CF5DB00D75E21 /* TasksApp.swift */ = {isa = PBXFileReference; lastKnownFileType = sourcecode.swift; path = TasksApp.swift; sourceTree = "<group>"; };
		3AAEC8602A0CF5DC00D75E21 /* Assets.xcassets */ = {isa = PBXFileReference; lastKnownFileType = folder.assetcatalog; path = Assets.xcassets; sourceTree = "<group>"; };
		3AAEC8632A0CF5DC00D75E21 /* Preview Assets.xcassets */ = {isa = PBXFileReference; lastKnownFileType = folder.assetcatalog; path = "Preview Assets.xcassets"; sourceTree = "<group>"; };
		3AAEC8652A0CF5DC00D75E21 /* Persistence.swift */ = {isa = PBXFileReference; lastKnownFileType = sourcecode.swift; path = Persistence.swift; sourceTree = "<group>"; };
		3AAEC8682A0CF5DC00D75E21 /* Tasks.xcdatamodel */ = {isa = PBXFileReference; lastKnownFileType = wrapper.xcdatamodel; path = Tasks.xcdatamodel; sourceTree = "<group>"; };
		3AAEC86E2A0CF5DC00D75E21 /* TasksTests.xctest */ = {isa = PBXFileReference; explicitFileType = wrapper.cfbundle; includeInIndex = 0; path = TasksTests.xctest; sourceTree = BUILT_PRODUCTS_DIR; };
		3AAEC8722A0CF5DC00D75E21 /* TasksTests.swift */ = {isa = PBXFileReference; lastKnownFileType = sourcecode.swift; path = TasksTests.swift; sourceTree = "<group>"; };
		3AAEC8782A0CF5DC00D75E21 /* TasksUITests.xctest */ = {isa = PBXFileReference; explicitFileType = wrapper.cfbundle; includeInIndex = 0; path = TasksUITests.xctest; sourceTree = BUILT_PRODUCTS_DIR; };
		3AAEC87C2A0CF5DC00D75E21 /* TasksUITests.swift */ = {isa = PBXFileReference; lastKnownFileType = sourcecode.swift; path = TasksUITests.swift; sourceTree = "<group>"; };
		3AAEC87E2A0CF5DC00D75E21 /* TasksUITestsLaunchTests.swift */ = {isa = PBXFileReference; lastKnownFileType = sourcecode.swift; path = TasksUITestsLaunchTests.swift; sourceTree = "<group>"; };
		3AAEC88B2A0CF64400D75E21 /* TaskView.swift */ = {isa = PBXFileReference; lastKnownFileType = sourcecode.swift; path = TaskView.swift; sourceTree = "<group>"; };
		3AAEC88E2A0CF6E000D75E21 /* Task.swift */ = {isa = PBXFileReference; lastKnownFileType = sourcecode.swift; path = Task.swift; sourceTree = "<group>"; };
		3AAEC8922A0CF6F900D75E21 /* TaskViewModel.swift */ = {isa = PBXFileReference; lastKnownFileType = sourcecode.swift; path = TaskViewModel.swift; sourceTree = "<group>"; };
/* End PBXFileReference section */

/* Begin PBXFrameworksBuildPhase section */
		3AAEC8562A0CF5DB00D75E21 /* Frameworks */ = {
			isa = PBXFrameworksBuildPhase;
			buildActionMask = 2147483647;
			files = (
			);
			runOnlyForDeploymentPostprocessing = 0;
		};
		3AAEC86B2A0CF5DC00D75E21 /* Frameworks */ = {
			isa = PBXFrameworksBuildPhase;
			buildActionMask = 2147483647;
			files = (
			);
			runOnlyForDeploymentPostprocessing = 0;
		};
		3AAEC8752A0CF5DC00D75E21 /* Frameworks */ = {
			isa = PBXFrameworksBuildPhase;
			buildActionMask = 2147483647;
			files = (
			);
			runOnlyForDeploymentPostprocessing = 0;
		};
/* End PBXFrameworksBuildPhase section */

/* Begin PBXGroup section */
		3AAEC8502A0CF5DB00D75E21 = {
			isa = PBXGroup;
			children = (
				3AAEC85B2A0CF5DB00D75E21 /* Tasks */,
				3AAEC8712A0CF5DC00D75E21 /* TasksTests */,
				3AAEC87B2A0CF5DC00D75E21 /* TasksUITests */,
				3AAEC85A2A0CF5DB00D75E21 /* Products */,
			);
			sourceTree = "<group>";
		};
		3AAEC85A2A0CF5DB00D75E21 /* Products */ = {
			isa = PBXGroup;
			children = (
				3AAEC8592A0CF5DB00D75E21 /* Tasks.app */,
				3AAEC86E2A0CF5DC00D75E21 /* TasksTests.xctest */,
				3AAEC8782A0CF5DC00D75E21 /* TasksUITests.xctest */,
			);
			name = Products;
			sourceTree = "<group>";
		};
		3AAEC85B2A0CF5DB00D75E21 /* Tasks */ = {
			isa = PBXGroup;
			children = (
				3AAEC8912A0CF6EC00D75E21 /* ViewModel */,
				3AAEC8902A0CF6E300D75E21 /* Model */,
				3AAEC88D2A0CF6B100D75E21 /* View */,
				3AAEC85C2A0CF5DB00D75E21 /* TasksApp.swift */,
				3AAEC8652A0CF5DC00D75E21 /* Persistence.swift */,
				3AAEC8602A0CF5DC00D75E21 /* Assets.xcassets */,
				3AAEC8672A0CF5DC00D75E21 /* Tasks.xcdatamodeld */,
				3AAEC8622A0CF5DC00D75E21 /* Preview Content */,
			);
			path = Tasks;
			sourceTree = "<group>";
		};
		3AAEC8622A0CF5DC00D75E21 /* Preview Content */ = {
			isa = PBXGroup;
			children = (
				3AAEC8632A0CF5DC00D75E21 /* Preview Assets.xcassets */,
			);
			path = "Preview Content";
			sourceTree = "<group>";
		};
		3AAEC8712A0CF5DC00D75E21 /* TasksTests */ = {
			isa = PBXGroup;
			children = (
				3AAEC8722A0CF5DC00D75E21 /* TasksTests.swift */,
			);
			path = TasksTests;
			sourceTree = "<group>";
		};
		3AAEC87B2A0CF5DC00D75E21 /* TasksUITests */ = {
			isa = PBXGroup;
			children = (
				3AAEC87C2A0CF5DC00D75E21 /* TasksUITests.swift */,
				3AAEC87E2A0CF5DC00D75E21 /* TasksUITestsLaunchTests.swift */,
			);
			path = TasksUITests;
			sourceTree = "<group>";
		};
		3AAEC88D2A0CF6B100D75E21 /* View */ = {
			isa = PBXGroup;
			children = (
				3AAEC88B2A0CF64400D75E21 /* TaskView.swift */,
			);
			path = View;
			sourceTree = "<group>";
		};
		3AAEC8902A0CF6E300D75E21 /* Model */ = {
			isa = PBXGroup;
			children = (
				3AAEC88E2A0CF6E000D75E21 /* Task.swift */,
			);
			path = Model;
			sourceTree = "<group>";
		};
		3AAEC8912A0CF6EC00D75E21 /* ViewModel */ = {
			isa = PBXGroup;
			children = (
				3AAEC8922A0CF6F900D75E21 /* TaskViewModel.swift */,
			);
			path = ViewModel;
			sourceTree = "<group>";
		};
/* End PBXGroup section */

/* Begin PBXNativeTarget section */
		3AAEC8582A0CF5DB00D75E21 /* Tasks */ = {
			isa = PBXNativeTarget;
			buildConfigurationList = 3AAEC8822A0CF5DC00D75E21 /* Build configuration list for PBXNativeTarget "Tasks" */;
			buildPhases = (
				3AAEC8552A0CF5DB00D75E21 /* Sources */,
				3AAEC8562A0CF5DB00D75E21 /* Frameworks */,
				3AAEC8572A0CF5DB00D75E21 /* Resources */,
			);
			buildRules = (
			);
			dependencies = (
			);
			name = Tasks;
			productName = Tasks;
			productReference = 3AAEC8592A0CF5DB00D75E21 /* Tasks.app */;
			productType = "com.apple.product-type.application";
		};
		3AAEC86D2A0CF5DC00D75E21 /* TasksTests */ = {
			isa = PBXNativeTarget;
			buildConfigurationList = 3AAEC8852A0CF5DC00D75E21 /* Build configuration list for PBXNativeTarget "TasksTests" */;
			buildPhases = (
				3AAEC86A2A0CF5DC00D75E21 /* Sources */,
				3AAEC86B2A0CF5DC00D75E21 /* Frameworks */,
				3AAEC86C2A0CF5DC00D75E21 /* Resources */,
			);
			buildRules = (
			);
			dependencies = (
				3AAEC8702A0CF5DC00D75E21 /* PBXTargetDependency */,
			);
			name = TasksTests;
			productName = TasksTests;
			productReference = 3AAEC86E2A0CF5DC00D75E21 /* TasksTests.xctest */;
			productType = "com.apple.product-type.bundle.unit-test";
		};
		3AAEC8772A0CF5DC00D75E21 /* TasksUITests */ = {
			isa = PBXNativeTarget;
			buildConfigurationList = 3AAEC8882A0CF5DC00D75E21 /* Build configuration list for PBXNativeTarget "TasksUITests" */;
			buildPhases = (
				3AAEC8742A0CF5DC00D75E21 /* Sources */,
				3AAEC8752A0CF5DC00D75E21 /* Frameworks */,
				3AAEC8762A0CF5DC00D75E21 /* Resources */,
			);
			buildRules = (
			);
			dependencies = (
				3AAEC87A2A0CF5DC00D75E21 /* PBXTargetDependency */,
			);
			name = TasksUITests;
			productName = TasksUITests;
			productReference = 3AAEC8782A0CF5DC00D75E21 /* TasksUITests.xctest */;
			productType = "com.apple.product-type.bundle.ui-testing";
		};
/* End PBXNativeTarget section */

/* Begin PBXProject section */
		3AAEC8512A0CF5DB00D75E21 /* Project object */ = {
			isa = PBXProject;
			attributes = {
				BuildIndependentTargetsInParallel = 1;
				LastSwiftUpdateCheck = 1420;
				LastUpgradeCheck = 1420;
				TargetAttributes = {
					3AAEC8582A0CF5DB00D75E21 = {
						CreatedOnToolsVersion = 14.2;
					};
					3AAEC86D2A0CF5DC00D75E21 = {
						CreatedOnToolsVersion = 14.2;
						TestTargetID = 3AAEC8582A0CF5DB00D75E21;
					};
					3AAEC8772A0CF5DC00D75E21 = {
						CreatedOnToolsVersion = 14.2;
						TestTargetID = 3AAEC8582A0CF5DB00D75E21;
					};
				};
			};
			buildConfigurationList = 3AAEC8542A0CF5DB00D75E21 /* Build configuration list for PBXProject "Tasks" */;
			compatibilityVersion = "Xcode 14.0";
			developmentRegion = en;
			hasScannedForEncodings = 0;
			knownRegions = (
				en,
				Base,
			);
			mainGroup = 3AAEC8502A0CF5DB00D75E21;
			productRefGroup = 3AAEC85A2A0CF5DB00D75E21 /* Products */;
			projectDirPath = "";
			projectRoot = "";
			targets = (
				3AAEC8582A0CF5DB00D75E21 /* Tasks */,
				3AAEC86D2A0CF5DC00D75E21 /* TasksTests */,
				3AAEC8772A0CF5DC00D75E21 /* TasksUITests */,
			);
		};
/* End PBXProject section */

/* Begin PBXResourcesBuildPhase section */
		3AAEC8572A0CF5DB00D75E21 /* Resources */ = {
			isa = PBXResourcesBuildPhase;
			buildActionMask = 2147483647;
			files = (
				3AAEC8642A0CF5DC00D75E21 /* Preview Assets.xcassets in Resources */,
				3AAEC8612A0CF5DC00D75E21 /* Assets.xcassets in Resources */,
			);
			runOnlyForDeploymentPostprocessing = 0;
		};
		3AAEC86C2A0CF5DC00D75E21 /* Resources */ = {
			isa = PBXResourcesBuildPhase;
			buildActionMask = 2147483647;
			files = (
			);
			runOnlyForDeploymentPostprocessing = 0;
		};
		3AAEC8762A0CF5DC00D75E21 /* Resources */ = {
			isa = PBXResourcesBuildPhase;
			buildActionMask = 2147483647;
			files = (
			);
			runOnlyForDeploymentPostprocessing = 0;
		};
/* End PBXResourcesBuildPhase section */

/* Begin PBXSourcesBuildPhase section */
		3AAEC8552A0CF5DB00D75E21 /* Sources */ = {
			isa = PBXSourcesBuildPhase;
			buildActionMask = 2147483647;
			files = (
				3AAEC8692A0CF5DC00D75E21 /* Tasks.xcdatamodeld in Sources */,
				3AAEC8932A0CF6F900D75E21 /* TaskViewModel.swift in Sources */,
				3AAEC8662A0CF5DC00D75E21 /* Persistence.swift in Sources */,
				3AAEC88F2A0CF6E000D75E21 /* Task.swift in Sources */,
				3AAEC85D2A0CF5DB00D75E21 /* TasksApp.swift in Sources */,
				3AAEC88C2A0CF64400D75E21 /* TaskView.swift in Sources */,
			);
			runOnlyForDeploymentPostprocessing = 0;
		};
		3AAEC86A2A0CF5DC00D75E21 /* Sources */ = {
			isa = PBXSourcesBuildPhase;
			buildActionMask = 2147483647;
			files = (
				3AAEC8732A0CF5DC00D75E21 /* TasksTests.swift in Sources */,
			);
			runOnlyForDeploymentPostprocessing = 0;
		};
		3AAEC8742A0CF5DC00D75E21 /* Sources */ = {
			isa = PBXSourcesBuildPhase;
			buildActionMask = 2147483647;
			files = (
				3AAEC87D2A0CF5DC00D75E21 /* TasksUITests.swift in Sources */,
				3AAEC87F2A0CF5DC00D75E21 /* TasksUITestsLaunchTests.swift in Sources */,
			);
			runOnlyForDeploymentPostprocessing = 0;
		};
/* End PBXSourcesBuildPhase section */

/* Begin PBXTargetDependency section */
		3AAEC8702A0CF5DC00D75E21 /* PBXTargetDependency */ = {
			isa = PBXTargetDependency;
			target = 3AAEC8582A0CF5DB00D75E21 /* Tasks */;
			targetProxy = 3AAEC86F2A0CF5DC00D75E21 /* PBXContainerItemProxy */;
		};
		3AAEC87A2A0CF5DC00D75E21 /* PBXTargetDependency */ = {
			isa = PBXTargetDependency;
			target = 3AAEC8582A0CF5DB00D75E21 /* Tasks */;
			targetProxy = 3AAEC8792A0CF5DC00D75E21 /* PBXContainerItemProxy */;
		};
/* End PBXTargetDependency section */

/* Begin XCBuildConfiguration section */
		3AAEC8802A0CF5DC00D75E21 /* Debug */ = {
			isa = XCBuildConfiguration;
			buildSettings = {
				ALWAYS_SEARCH_USER_PATHS = NO;
				CLANG_ANALYZER_NONNULL = YES;
				CLANG_ANALYZER_NUMBER_OBJECT_CONVERSION = YES_AGGRESSIVE;
				CLANG_CXX_LANGUAGE_STANDARD = "gnu++20";
				CLANG_ENABLE_MODULES = YES;
				CLANG_ENABLE_OBJC_ARC = YES;
				CLANG_ENABLE_OBJC_WEAK = YES;
				CLANG_WARN_BLOCK_CAPTURE_AUTORELEASING = YES;
				CLANG_WARN_BOOL_CONVERSION = YES;
				CLANG_WARN_COMMA = YES;
				CLANG_WARN_CONSTANT_CONVERSION = YES;
				CLANG_WARN_DEPRECATED_OBJC_IMPLEMENTATIONS = YES;
				CLANG_WARN_DIRECT_OBJC_ISA_USAGE = YES_ERROR;
				CLANG_WARN_DOCUMENTATION_COMMENTS = YES;
				CLANG_WARN_EMPTY_BODY = YES;
				CLANG_WARN_ENUM_CONVERSION = YES;
				CLANG_WARN_INFINITE_RECURSION = YES;
				CLANG_WARN_INT_CONVERSION = YES;
				CLANG_WARN_NON_LITERAL_NULL_CONVERSION = YES;
				CLANG_WARN_OBJC_IMPLICIT_RETAIN_SELF = YES;
				CLANG_WARN_OBJC_LITERAL_CONVERSION = YES;
				CLANG_WARN_OBJC_ROOT_CLASS = YES_ERROR;
				CLANG_WARN_QUOTED_INCLUDE_IN_FRAMEWORK_HEADER = YES;
				CLANG_WARN_RANGE_LOOP_ANALYSIS = YES;
				CLANG_WARN_STRICT_PROTOTYPES = YES;
				CLANG_WARN_SUSPICIOUS_MOVE = YES;
				CLANG_WARN_UNGUARDED_AVAILABILITY = YES_AGGRESSIVE;
				CLANG_WARN_UNREACHABLE_CODE = YES;
				CLANG_WARN__DUPLICATE_METHOD_MATCH = YES;
				COPY_PHASE_STRIP = NO;
				DEBUG_INFORMATION_FORMAT = dwarf;
				ENABLE_STRICT_OBJC_MSGSEND = YES;
				ENABLE_TESTABILITY = YES;
				GCC_C_LANGUAGE_STANDARD = gnu11;
				GCC_DYNAMIC_NO_PIC = NO;
				GCC_NO_COMMON_BLOCKS = YES;
				GCC_OPTIMIZATION_LEVEL = 0;
				GCC_PREPROCESSOR_DEFINITIONS = (
					"DEBUG=1",
					"$(inherited)",
				);
				GCC_WARN_64_TO_32_BIT_CONVERSION = YES;
				GCC_WARN_ABOUT_RETURN_TYPE = YES_ERROR;
				GCC_WARN_UNDECLARED_SELECTOR = YES;
				GCC_WARN_UNINITIALIZED_AUTOS = YES_AGGRESSIVE;
				GCC_WARN_UNUSED_FUNCTION = YES;
				GCC_WARN_UNUSED_VARIABLE = YES;
				IPHONEOS_DEPLOYMENT_TARGET = 16.2;
				MTL_ENABLE_DEBUG_INFO = INCLUDE_SOURCE;
				MTL_FAST_MATH = YES;
				ONLY_ACTIVE_ARCH = YES;
				SDKROOT = iphoneos;
				SWIFT_ACTIVE_COMPILATION_CONDITIONS = DEBUG;
				SWIFT_OPTIMIZATION_LEVEL = "-Onone";
			};
			name = Debug;
		};
		3AAEC8812A0CF5DC00D75E21 /* Release */ = {
			isa = XCBuildConfiguration;
			buildSettings = {
				ALWAYS_SEARCH_USER_PATHS = NO;
				CLANG_ANALYZER_NONNULL = YES;
				CLANG_ANALYZER_NUMBER_OBJECT_CONVERSION = YES_AGGRESSIVE;
				CLANG_CXX_LANGUAGE_STANDARD = "gnu++20";
				CLANG_ENABLE_MODULES = YES;
				CLANG_ENABLE_OBJC_ARC = YES;
				CLANG_ENABLE_OBJC_WEAK = YES;
				CLANG_WARN_BLOCK_CAPTURE_AUTORELEASING = YES;
				CLANG_WARN_BOOL_CONVERSION = YES;
				CLANG_WARN_COMMA = YES;
				CLANG_WARN_CONSTANT_CONVERSION = YES;
				CLANG_WARN_DEPRECATED_OBJC_IMPLEMENTATIONS = YES;
				CLANG_WARN_DIRECT_OBJC_ISA_USAGE = YES_ERROR;
				CLANG_WARN_DOCUMENTATION_COMMENTS = YES;
				CLANG_WARN_EMPTY_BODY = YES;
				CLANG_WARN_ENUM_CONVERSION = YES;
				CLANG_WARN_INFINITE_RECURSION = YES;
				CLANG_WARN_INT_CONVERSION = YES;
				CLANG_WARN_NON_LITERAL_NULL_CONVERSION = YES;
				CLANG_WARN_OBJC_IMPLICIT_RETAIN_SELF = YES;
				CLANG_WARN_OBJC_LITERAL_CONVERSION = YES;
				CLANG_WARN_OBJC_ROOT_CLASS = YES_ERROR;
				CLANG_WARN_QUOTED_INCLUDE_IN_FRAMEWORK_HEADER = YES;
				CLANG_WARN_RANGE_LOOP_ANALYSIS = YES;
				CLANG_WARN_STRICT_PROTOTYPES = YES;
				CLANG_WARN_SUSPICIOUS_MOVE = YES;
				CLANG_WARN_UNGUARDED_AVAILABILITY = YES_AGGRESSIVE;
				CLANG_WARN_UNREACHABLE_CODE = YES;
				CLANG_WARN__DUPLICATE_METHOD_MATCH = YES;
				COPY_PHASE_STRIP = NO;
				DEBUG_INFORMATION_FORMAT = "dwarf-with-dsym";
				ENABLE_NS_ASSERTIONS = NO;
				ENABLE_STRICT_OBJC_MSGSEND = YES;
				GCC_C_LANGUAGE_STANDARD = gnu11;
				GCC_NO_COMMON_BLOCKS = YES;
				GCC_WARN_64_TO_32_BIT_CONVERSION = YES;
				GCC_WARN_ABOUT_RETURN_TYPE = YES_ERROR;
				GCC_WARN_UNDECLARED_SELECTOR = YES;
				GCC_WARN_UNINITIALIZED_AUTOS = YES_AGGRESSIVE;
				GCC_WARN_UNUSED_FUNCTION = YES;
				GCC_WARN_UNUSED_VARIABLE = YES;
				IPHONEOS_DEPLOYMENT_TARGET = 16.2;
				MTL_ENABLE_DEBUG_INFO = NO;
				MTL_FAST_MATH = YES;
				SDKROOT = iphoneos;
				SWIFT_COMPILATION_MODE = wholemodule;
				SWIFT_OPTIMIZATION_LEVEL = "-O";
				VALIDATE_PRODUCT = YES;
			};
			name = Release;
		};
		3AAEC8832A0CF5DC00D75E21 /* Debug */ = {
			isa = XCBuildConfiguration;
			buildSettings = {
				ASSETCATALOG_COMPILER_APPICON_NAME = AppIcon;
				ASSETCATALOG_COMPILER_GLOBAL_ACCENT_COLOR_NAME = AccentColor;
				CODE_SIGN_STYLE = Automatic;
				CURRENT_PROJECT_VERSION = 1;
				DEVELOPMENT_ASSET_PATHS = "\"Tasks/Preview Content\"";
				DEVELOPMENT_TEAM = 6NRN964UZH;
				ENABLE_PREVIEWS = YES;
				GENERATE_INFOPLIST_FILE = YES;
				INFOPLIST_KEY_UIApplicationSceneManifest_Generation = YES;
				INFOPLIST_KEY_UIApplicationSupportsIndirectInputEvents = YES;
				INFOPLIST_KEY_UILaunchScreen_Generation = YES;
				INFOPLIST_KEY_UISupportedInterfaceOrientations_iPad = "UIInterfaceOrientationPortrait UIInterfaceOrientationPortraitUpsideDown UIInterfaceOrientationLandscapeLeft UIInterfaceOrientationLandscapeRight";
				INFOPLIST_KEY_UISupportedInterfaceOrientations_iPhone = "UIInterfaceOrientationPortrait UIInterfaceOrientationLandscapeLeft UIInterfaceOrientationLandscapeRight";
				LD_RUNPATH_SEARCH_PATHS = (
					"$(inherited)",
					"@executable_path/Frameworks",
				);
				MARKETING_VERSION = 1.0;
				PRODUCT_BUNDLE_IDENTIFIER = epoyatodev.Tasks;
				PRODUCT_NAME = "$(TARGET_NAME)";
				SWIFT_EMIT_LOC_STRINGS = YES;
				SWIFT_VERSION = 5.0;
				TARGETED_DEVICE_FAMILY = "1,2";
			};
			name = Debug;
		};
		3AAEC8842A0CF5DC00D75E21 /* Release */ = {
			isa = XCBuildConfiguration;
			buildSettings = {
				ASSETCATALOG_COMPILER_APPICON_NAME = AppIcon;
				ASSETCATALOG_COMPILER_GLOBAL_ACCENT_COLOR_NAME = AccentColor;
				CODE_SIGN_STYLE = Automatic;
				CURRENT_PROJECT_VERSION = 1;
				DEVELOPMENT_ASSET_PATHS = "\"Tasks/Preview Content\"";
				DEVELOPMENT_TEAM = 6NRN964UZH;
				ENABLE_PREVIEWS = YES;
				GENERATE_INFOPLIST_FILE = YES;
				INFOPLIST_KEY_UIApplicationSceneManifest_Generation = YES;
				INFOPLIST_KEY_UIApplicationSupportsIndirectInputEvents = YES;
				INFOPLIST_KEY_UILaunchScreen_Generation = YES;
				INFOPLIST_KEY_UISupportedInterfaceOrientations_iPad = "UIInterfaceOrientationPortrait UIInterfaceOrientationPortraitUpsideDown UIInterfaceOrientationLandscapeLeft UIInterfaceOrientationLandscapeRight";
				INFOPLIST_KEY_UISupportedInterfaceOrientations_iPhone = "UIInterfaceOrientationPortrait UIInterfaceOrientationLandscapeLeft UIInterfaceOrientationLandscapeRight";
				LD_RUNPATH_SEARCH_PATHS = (
					"$(inherited)",
					"@executable_path/Frameworks",
				);
				MARKETING_VERSION = 1.0;
				PRODUCT_BUNDLE_IDENTIFIER = epoyatodev.Tasks;
				PRODUCT_NAME = "$(TARGET_NAME)";
				SWIFT_EMIT_LOC_STRINGS = YES;
				SWIFT_VERSION = 5.0;
				TARGETED_DEVICE_FAMILY = "1,2";
			};
			name = Release;
		};
		3AAEC8862A0CF5DC00D75E21 /* Debug */ = {
			isa = XCBuildConfiguration;
			buildSettings = {
				ALWAYS_EMBED_SWIFT_STANDARD_LIBRARIES = YES;
				BUNDLE_LOADER = "$(TEST_HOST)";
				CODE_SIGN_STYLE = Automatic;
				CURRENT_PROJECT_VERSION = 1;
				DEVELOPMENT_TEAM = 6NRN964UZH;
				GENERATE_INFOPLIST_FILE = YES;
				IPHONEOS_DEPLOYMENT_TARGET = 16.2;
				MARKETING_VERSION = 1.0;
				PRODUCT_BUNDLE_IDENTIFIER = epoyatodev.TasksTests;
				PRODUCT_NAME = "$(TARGET_NAME)";
				SWIFT_EMIT_LOC_STRINGS = NO;
				SWIFT_VERSION = 5.0;
				TARGETED_DEVICE_FAMILY = "1,2";
				TEST_HOST = "$(BUILT_PRODUCTS_DIR)/Tasks.app/$(BUNDLE_EXECUTABLE_FOLDER_PATH)/Tasks";
			};
			name = Debug;
		};
		3AAEC8872A0CF5DC00D75E21 /* Release */ = {
			isa = XCBuildConfiguration;
			buildSettings = {
				ALWAYS_EMBED_SWIFT_STANDARD_LIBRARIES = YES;
				BUNDLE_LOADER = "$(TEST_HOST)";
				CODE_SIGN_STYLE = Automatic;
				CURRENT_PROJECT_VERSION = 1;
				DEVELOPMENT_TEAM = 6NRN964UZH;
				GENERATE_INFOPLIST_FILE = YES;
				IPHONEOS_DEPLOYMENT_TARGET = 16.2;
				MARKETING_VERSION = 1.0;
				PRODUCT_BUNDLE_IDENTIFIER = epoyatodev.TasksTests;
				PRODUCT_NAME = "$(TARGET_NAME)";
				SWIFT_EMIT_LOC_STRINGS = NO;
				SWIFT_VERSION = 5.0;
				TARGETED_DEVICE_FAMILY = "1,2";
				TEST_HOST = "$(BUILT_PRODUCTS_DIR)/Tasks.app/$(BUNDLE_EXECUTABLE_FOLDER_PATH)/Tasks";
			};
			name = Release;
		};
		3AAEC8892A0CF5DC00D75E21 /* Debug */ = {
			isa = XCBuildConfiguration;
			buildSettings = {
				ALWAYS_EMBED_SWIFT_STANDARD_LIBRARIES = YES;
				CODE_SIGN_STYLE = Automatic;
				CURRENT_PROJECT_VERSION = 1;
				DEVELOPMENT_TEAM = 6NRN964UZH;
				GENERATE_INFOPLIST_FILE = YES;
				MARKETING_VERSION = 1.0;
				PRODUCT_BUNDLE_IDENTIFIER = epoyatodev.TasksUITests;
				PRODUCT_NAME = "$(TARGET_NAME)";
				SWIFT_EMIT_LOC_STRINGS = NO;
				SWIFT_VERSION = 5.0;
				TARGETED_DEVICE_FAMILY = "1,2";
				TEST_TARGET_NAME = Tasks;
			};
			name = Debug;
		};
		3AAEC88A2A0CF5DC00D75E21 /* Release */ = {
			isa = XCBuildConfiguration;
			buildSettings = {
				ALWAYS_EMBED_SWIFT_STANDARD_LIBRARIES = YES;
				CODE_SIGN_STYLE = Automatic;
				CURRENT_PROJECT_VERSION = 1;
				DEVELOPMENT_TEAM = 6NRN964UZH;
				GENERATE_INFOPLIST_FILE = YES;
				MARKETING_VERSION = 1.0;
				PRODUCT_BUNDLE_IDENTIFIER = epoyatodev.TasksUITests;
				PRODUCT_NAME = "$(TARGET_NAME)";
				SWIFT_EMIT_LOC_STRINGS = NO;
				SWIFT_VERSION = 5.0;
				TARGETED_DEVICE_FAMILY = "1,2";
				TEST_TARGET_NAME = Tasks;
			};
			name = Release;
		};
/* End XCBuildConfiguration section */

/* Begin XCConfigurationList section */
		3AAEC8542A0CF5DB00D75E21 /* Build configuration list for PBXProject "Tasks" */ = {
			isa = XCConfigurationList;
			buildConfigurations = (
				3AAEC8802A0CF5DC00D75E21 /* Debug */,
				3AAEC8812A0CF5DC00D75E21 /* Release */,
			);
			defaultConfigurationIsVisible = 0;
			defaultConfigurationName = Release;
		};
		3AAEC8822A0CF5DC00D75E21 /* Build configuration list for PBXNativeTarget "Tasks" */ = {
			isa = XCConfigurationList;
			buildConfigurations = (
				3AAEC8832A0CF5DC00D75E21 /* Debug */,
				3AAEC8842A0CF5DC00D75E21 /* Release */,
			);
			defaultConfigurationIsVisible = 0;
			defaultConfigurationName = Release;
		};
		3AAEC8852A0CF5DC00D75E21 /* Build configuration list for PBXNativeTarget "TasksTests" */ = {
			isa = XCConfigurationList;
			buildConfigurations = (
				3AAEC8862A0CF5DC00D75E21 /* Debug */,
				3AAEC8872A0CF5DC00D75E21 /* Release */,
			);
			defaultConfigurationIsVisible = 0;
			defaultConfigurationName = Release;
		};
		3AAEC8882A0CF5DC00D75E21 /* Build configuration list for PBXNativeTarget "TasksUITests" */ = {
			isa = XCConfigurationList;
			buildConfigurations = (
				3AAEC8892A0CF5DC00D75E21 /* Debug */,
				3AAEC88A2A0CF5DC00D75E21 /* Release */,
			);
			defaultConfigurationIsVisible = 0;
			defaultConfigurationName = Release;
		};
/* End XCConfigurationList section */

/* Begin XCVersionGroup section */
		3AAEC8672A0CF5DC00D75E21 /* Tasks.xcdatamodeld */ = {
			isa = XCVersionGroup;
			children = (
				3AAEC8682A0CF5DC00D75E21 /* Tasks.xcdatamodel */,
			);
			currentVersion = 3AAEC8682A0CF5DC00D75E21 /* Tasks.xcdatamodel */;
			path = Tasks.xcdatamodeld;
			sourceTree = "<group>";
			versionGroupType = wrapper.xcdatamodel;
		};
/* End XCVersionGroup section */
	};
	rootObject = 3AAEC8512A0CF5DB00D75E21 /* Project object */;
}
